
Microsoft Visual Studio Solution File, Format Version 12.00
# Visual Studio Version 16
VisualStudioVersion = 16.0.31205.134
MinimumVisualStudioVersion = 10.0.40219.1
Project("{FAE04EC0-301F-11D3-BF4B-00C04F79EFBC}") = "DockerDemo", "DockerDemo.csproj", "{D2AFB7CC-4D8D-4CD5-A7FF-5AB9F2408380}"
EndProject
Project("{E53339B2-1760-4266-BCC7-CA923CBCF16C}") = "docker-compose", "docker-compose.dcproj", "{7431DF62-F861-4209-B215-E32783D5F0C2}"
EndProject
Global
	GlobalSection(SolutionConfigurationPlatforms) = preSolution
		Debug|Any CPU = Debug|Any CPU
		Release|Any CPU = Release|Any CPU
	EndGlobalSection
	GlobalSection(ProjectConfigurationPlatforms) = postSolution
		{D2AFB7CC-4D8D-4CD5-A7FF-5AB9F2408380}.Debug|Any CPU.ActiveCfg = Debug|Any CPU
		{D2AFB7CC-4D8D-4CD5-A7FF-5AB9F2408380}.Debug|Any CPU.Build.0 = Debug|Any CPU
		{D2AFB7CC-4D8D-4CD5-A7FF-5AB9F2408380}.Release|Any CPU.ActiveCfg = Release|Any CPU
		{D2AFB7CC-4D8D-4CD5-A7FF-5AB9F2408380}.Release|Any CPU.Build.0 = Release|Any CPU
		{7431DF62-F861-4209-B215-E32783D5F0C2}.Debug|Any CPU.ActiveCfg = Debug|Any CPU
		{7431DF62-F861-4209-B215-E32783D5F0C2}.Debug|Any CPU.Build.0 = Debug|Any CPU
		{7431DF62-F861-4209-B215-E32783D5F0C2}.Release|Any CPU.ActiveCfg = Release|Any CPU
		{7431DF62-F861-4209-B215-E32783D5F0C2}.Release|Any CPU.Build.0 = Release|Any CPU
	EndGlobalSection
	GlobalSection(SolutionProperties) = preSolution
		HideSolutionNode = FALSE
	EndGlobalSection
	GlobalSection(ExtensibilityGlobals) = postSolution
		SolutionGuid = {7CF7E172-952C-4C26-9CF7-C5007809CDB2}
	EndGlobalSection
EndGlobal
